
Microsoft Visual Studio Solution File, Format Version 12.00
# Visual Studio Version 17
VisualStudioVersion = 17.9.34723.18
MinimumVisualStudioVersion = 10.0.40219.1
Project("{2150E333-8FDC-42A3-9474-1A3956D46DE8}") = "src", "src", "{157F9E8B-1D11-46BD-9DAB-AC3E0B74A25A}"
EndProject
Project("{2150E333-8FDC-42A3-9474-1A3956D46DE8}") = "tests", "tests", "{D6FA79CE-7720-42A2-9790-7BF1ABF95C4A}"
EndProject
Project("{9A19103F-16F7-4668-BE54-9A1E7A4F7556}") = "MotorcycleRent.Domain", "src\MotorcycleRent.Domain\MotorcycleRent.Domain.csproj", "{7B2F0091-F69B-403F-A686-89D57C19F2BD}"
EndProject
Project("{9A19103F-16F7-4668-BE54-9A1E7A4F7556}") = "MotorcycleRent.Application", "src\MotorcycleRent.Application\MotorcycleRent.Application.csproj", "{23765F8B-19AD-4F27-8098-1058FE0B4602}"
EndProject
Project("{9A19103F-16F7-4668-BE54-9A1E7A4F7556}") = "MotorcycleRent.Infrastructure", "src\MotorcycleRent.Infrastructure\MotorcycleRent.Infrastructure.csproj", "{182257A7-6685-4CCF-A1F3-3D2F494B7E77}"
EndProject
Project("{9A19103F-16F7-4668-BE54-9A1E7A4F7556}") = "MotorcycleRent.IoC", "src\MotorcycleRent.IoC\MotorcycleRent.IoC.csproj", "{91BA6D1B-1747-4746-A301-1C61226621F0}"
EndProject
Project("{9A19103F-16F7-4668-BE54-9A1E7A4F7556}") = "MotorcycleRent.Core", "src\MotorcycleRent.Core\MotorcycleRent.Core.csproj", "{3733F26A-54CF-436B-A805-5387AC5C4B40}"
EndProject
Project("{9A19103F-16F7-4668-BE54-9A1E7A4F7556}") = "MotorcycleRent.NotificationConsumer", "src\MotorcycleRent.NotificationConsumer\MotorcycleRent.NotificationConsumer.csproj", "{42CE50F3-7734-4747-BA53-F3BBE6DEB0A2}"
EndProject
Project("{9A19103F-16F7-4668-BE54-9A1E7A4F7556}") = "MotorcycleRent.UnitTests", "tests\MotorcycleRent.UnitTests\MotorcycleRent.UnitTests.csproj", "{D1005A62-E0E5-45A6-8C69-4B53F152E4F1}"
EndProject
Project("{9A19103F-16F7-4668-BE54-9A1E7A4F7556}") = "MotorcycleRent.Api", "src\MotorcycleRent.Api\MotorcycleRent.Api.csproj", "{C48B885D-F986-46A7-831A-F19F6C4F5342}"
EndProject
Project("{2150E333-8FDC-42A3-9474-1A3956D46DE8}") = "Solution Items", "Solution Items", "{CC013A58-1048-4FB3-9807-1034D28B194B}"
	ProjectSection(SolutionItems) = preProject
		docker-compose.yaml = docker-compose.yaml
	EndProjectSection
EndProject
Global
	GlobalSection(SolutionConfigurationPlatforms) = preSolution
		Debug|Any CPU = Debug|Any CPU
		Release|Any CPU = Release|Any CPU
	EndGlobalSection
	GlobalSection(ProjectConfigurationPlatforms) = postSolution
		{7B2F0091-F69B-403F-A686-89D57C19F2BD}.Debug|Any CPU.ActiveCfg = Debug|Any CPU
		{7B2F0091-F69B-403F-A686-89D57C19F2BD}.Debug|Any CPU.Build.0 = Debug|Any CPU
		{7B2F0091-F69B-403F-A686-89D57C19F2BD}.Release|Any CPU.ActiveCfg = Release|Any CPU
		{7B2F0091-F69B-403F-A686-89D57C19F2BD}.Release|Any CPU.Build.0 = Release|Any CPU
		{23765F8B-19AD-4F27-8098-1058FE0B4602}.Debug|Any CPU.ActiveCfg = Debug|Any CPU
		{23765F8B-19AD-4F27-8098-1058FE0B4602}.Debug|Any CPU.Build.0 = Debug|Any CPU
		{23765F8B-19AD-4F27-8098-1058FE0B4602}.Release|Any CPU.ActiveCfg = Release|Any CPU
		{23765F8B-19AD-4F27-8098-1058FE0B4602}.Release|Any CPU.Build.0 = Release|Any CPU
		{182257A7-6685-4CCF-A1F3-3D2F494B7E77}.Debug|Any CPU.ActiveCfg = Debug|Any CPU
		{182257A7-6685-4CCF-A1F3-3D2F494B7E77}.Debug|Any CPU.Build.0 = Debug|Any CPU
		{182257A7-6685-4CCF-A1F3-3D2F494B7E77}.Release|Any CPU.ActiveCfg = Release|Any CPU
		{182257A7-6685-4CCF-A1F3-3D2F494B7E77}.Release|Any CPU.Build.0 = Release|Any CPU
		{91BA6D1B-1747-4746-A301-1C61226621F0}.Debug|Any CPU.ActiveCfg = Debug|Any CPU
		{91BA6D1B-1747-4746-A301-1C61226621F0}.Debug|Any CPU.Build.0 = Debug|Any CPU
		{91BA6D1B-1747-4746-A301-1C61226621F0}.Release|Any CPU.ActiveCfg = Release|Any CPU
		{91BA6D1B-1747-4746-A301-1C61226621F0}.Release|Any CPU.Build.0 = Release|Any CPU
		{3733F26A-54CF-436B-A805-5387AC5C4B40}.Debug|Any CPU.ActiveCfg = Debug|Any CPU
		{3733F26A-54CF-436B-A805-5387AC5C4B40}.Debug|Any CPU.Build.0 = Debug|Any CPU
		{3733F26A-54CF-436B-A805-5387AC5C4B40}.Release|Any CPU.ActiveCfg = Release|Any CPU
		{3733F26A-54CF-436B-A805-5387AC5C4B40}.Release|Any CPU.Build.0 = Release|Any CPU
		{42CE50F3-7734-4747-BA53-F3BBE6DEB0A2}.Debug|Any CPU.ActiveCfg = Debug|Any CPU
		{42CE50F3-7734-4747-BA53-F3BBE6DEB0A2}.Debug|Any CPU.Build.0 = Debug|Any CPU
		{42CE50F3-7734-4747-BA53-F3BBE6DEB0A2}.Release|Any CPU.ActiveCfg = Release|Any CPU
		{42CE50F3-7734-4747-BA53-F3BBE6DEB0A2}.Release|Any CPU.Build.0 = Release|Any CPU
		{D1005A62-E0E5-45A6-8C69-4B53F152E4F1}.Debug|Any CPU.ActiveCfg = Debug|Any CPU
		{D1005A62-E0E5-45A6-8C69-4B53F152E4F1}.Debug|Any CPU.Build.0 = Debug|Any CPU
		{D1005A62-E0E5-45A6-8C69-4B53F152E4F1}.Release|Any CPU.ActiveCfg = Release|Any CPU
		{D1005A62-E0E5-45A6-8C69-4B53F152E4F1}.Release|Any CPU.Build.0 = Release|Any CPU
		{C48B885D-F986-46A7-831A-F19F6C4F5342}.Debug|Any CPU.ActiveCfg = Debug|Any CPU
		{C48B885D-F986-46A7-831A-F19F6C4F5342}.Debug|Any CPU.Build.0 = Debug|Any CPU
		{C48B885D-F986-46A7-831A-F19F6C4F5342}.Release|Any CPU.ActiveCfg = Release|Any CPU
		{C48B885D-F986-46A7-831A-F19F6C4F5342}.Release|Any CPU.Build.0 = Release|Any CPU
	EndGlobalSection
	GlobalSection(SolutionProperties) = preSolution
		HideSolutionNode = FALSE
	EndGlobalSection
	GlobalSection(NestedProjects) = preSolution
		{7B2F0091-F69B-403F-A686-89D57C19F2BD} = {157F9E8B-1D11-46BD-9DAB-AC3E0B74A25A}
		{23765F8B-19AD-4F27-8098-1058FE0B4602} = {157F9E8B-1D11-46BD-9DAB-AC3E0B74A25A}
		{182257A7-6685-4CCF-A1F3-3D2F494B7E77} = {157F9E8B-1D11-46BD-9DAB-AC3E0B74A25A}
		{91BA6D1B-1747-4746-A301-1C61226621F0} = {157F9E8B-1D11-46BD-9DAB-AC3E0B74A25A}
		{3733F26A-54CF-436B-A805-5387AC5C4B40} = {157F9E8B-1D11-46BD-9DAB-AC3E0B74A25A}
		{42CE50F3-7734-4747-BA53-F3BBE6DEB0A2} = {157F9E8B-1D11-46BD-9DAB-AC3E0B74A25A}
		{D1005A62-E0E5-45A6-8C69-4B53F152E4F1} = {D6FA79CE-7720-42A2-9790-7BF1ABF95C4A}
		{C48B885D-F986-46A7-831A-F19F6C4F5342} = {157F9E8B-1D11-46BD-9DAB-AC3E0B74A25A}
	EndGlobalSection
	GlobalSection(ExtensibilityGlobals) = postSolution
		SolutionGuid = {0028847C-1D4B-487A-91D3-13A763464727}
	EndGlobalSection
EndGlobal
